
Microsoft Visual Studio Solution File, Format Version 12.00
# Visual Studio 2013
VisualStudioVersion = 12.0.40629.0
MinimumVisualStudioVersion = 10.0.40219.1
Project("{FAE04EC0-301F-11D3-BF4B-00C04F79EFBC}") = "VehiclesWebApp", "VehiclesWebApp\VehiclesWebApp.csproj", "{DA7FB74A-400B-46BA-8B36-758E4F5BA32A}"
EndProject
Project("{FAE04EC0-301F-11D3-BF4B-00C04F79EFBC}") = "VehiclesWebApp.Tests", "VehiclesWebApp.Tests\VehiclesWebApp.Tests.csproj", "{BE07D7D4-F247-4275-BA3B-3C6FFF689DAF}"
EndProject
Project("{2150E333-8FDC-42A3-9474-1A3956D46DE8}") = ".nuget", ".nuget", "{4AE8D006-82F7-41C9-8E85-138169DC3F3C}"
	ProjectSection(SolutionItems) = preProject
		.nuget\NuGet.Config = .nuget\NuGet.Config
		.nuget\NuGet.exe = .nuget\NuGet.exe
		.nuget\NuGet.targets = .nuget\NuGet.targets
	EndProjectSection
EndProject
Project("{FAE04EC0-301F-11D3-BF4B-00C04F79EFBC}") = "VehiclesRepository", "VehiclesRepository\VehiclesRepository.csproj", "{B20C3297-DAA4-45A2-8BE5-10F51C70C244}"
EndProject
Project("{FAE04EC0-301F-11D3-BF4B-00C04F79EFBC}") = "VehiclesRepository.Tests", "VehiclesRepository.Tests\VehiclesRepository.Tests.csproj", "{23CD36F0-1551-4F98-A266-C10C8226DA06}"
EndProject
Global
	GlobalSection(SolutionConfigurationPlatforms) = preSolution
		Debug|Any CPU = Debug|Any CPU
		Release|Any CPU = Release|Any CPU
	EndGlobalSection
	GlobalSection(ProjectConfigurationPlatforms) = postSolution
		{DA7FB74A-400B-46BA-8B36-758E4F5BA32A}.Debug|Any CPU.ActiveCfg = Debug|Any CPU
		{DA7FB74A-400B-46BA-8B36-758E4F5BA32A}.Debug|Any CPU.Build.0 = Debug|Any CPU
		{DA7FB74A-400B-46BA-8B36-758E4F5BA32A}.Release|Any CPU.ActiveCfg = Release|Any CPU
		{DA7FB74A-400B-46BA-8B36-758E4F5BA32A}.Release|Any CPU.Build.0 = Release|Any CPU
		{BE07D7D4-F247-4275-BA3B-3C6FFF689DAF}.Debug|Any CPU.ActiveCfg = Debug|Any CPU
		{BE07D7D4-F247-4275-BA3B-3C6FFF689DAF}.Debug|Any CPU.Build.0 = Debug|Any CPU
		{BE07D7D4-F247-4275-BA3B-3C6FFF689DAF}.Release|Any CPU.ActiveCfg = Release|Any CPU
		{BE07D7D4-F247-4275-BA3B-3C6FFF689DAF}.Release|Any CPU.Build.0 = Release|Any CPU
		{B20C3297-DAA4-45A2-8BE5-10F51C70C244}.Debug|Any CPU.ActiveCfg = Debug|Any CPU
		{B20C3297-DAA4-45A2-8BE5-10F51C70C244}.Debug|Any CPU.Build.0 = Debug|Any CPU
		{B20C3297-DAA4-45A2-8BE5-10F51C70C244}.Release|Any CPU.ActiveCfg = Release|Any CPU
		{B20C3297-DAA4-45A2-8BE5-10F51C70C244}.Release|Any CPU.Build.0 = Release|Any CPU
		{23CD36F0-1551-4F98-A266-C10C8226DA06}.Debug|Any CPU.ActiveCfg = Debug|Any CPU
		{23CD36F0-1551-4F98-A266-C10C8226DA06}.Debug|Any CPU.Build.0 = Debug|Any CPU
		{23CD36F0-1551-4F98-A266-C10C8226DA06}.Release|Any CPU.ActiveCfg = Release|Any CPU
		{23CD36F0-1551-4F98-A266-C10C8226DA06}.Release|Any CPU.Build.0 = Release|Any CPU
	EndGlobalSection
	GlobalSection(SolutionProperties) = preSolution
		HideSolutionNode = FALSE
	EndGlobalSection
EndGlobal
